
Microsoft Visual Studio Solution File, Format Version 12.00
# Visual Studio Version 16
VisualStudioVersion = 16.0.31105.61
MinimumVisualStudioVersion = 10.0.40219.1
Project("{FAE04EC0-301F-11D3-BF4B-00C04F79EFBC}") = "InterfacesAndGenerics", "InterfacesAndGenerics.csproj", "{D587D77F-49DA-4808-BCC8-A0F2E3B1D2BC}"
EndProject
Global
	GlobalSection(SolutionConfigurationPlatforms) = preSolution
		Debug|Any CPU = Debug|Any CPU
		Release|Any CPU = Release|Any CPU
	EndGlobalSection
	GlobalSection(ProjectConfigurationPlatforms) = postSolution
		{D587D77F-49DA-4808-BCC8-A0F2E3B1D2BC}.Debug|Any CPU.ActiveCfg = Debug|Any CPU
		{D587D77F-49DA-4808-BCC8-A0F2E3B1D2BC}.Debug|Any CPU.Build.0 = Debug|Any CPU
		{D587D77F-49DA-4808-BCC8-A0F2E3B1D2BC}.Release|Any CPU.ActiveCfg = Release|Any CPU
		{D587D77F-49DA-4808-BCC8-A0F2E3B1D2BC}.Release|Any CPU.Build.0 = Release|Any CPU
	EndGlobalSection
	GlobalSection(SolutionProperties) = preSolution
		HideSolutionNode = FALSE
	EndGlobalSection
	GlobalSection(ExtensibilityGlobals) = postSolution
		SolutionGuid = {E904A318-A9EF-411C-BB0C-96ECB70EDA7B}
	EndGlobalSection
EndGlobal
